
Microsoft Visual Studio Solution File, Format Version 12.00
# Visual Studio Version 17
VisualStudioVersion = 17.9.34728.123
MinimumVisualStudioVersion = 10.0.40219.1
Project("{FAE04EC0-301F-11D3-BF4B-00C04F79EFBC}") = "File_TryAccess_Tool", "File_TryAccess_Tool\File_TryAccess_Tool.csproj", "{749C5E03-C55C-44B5-958D-42968BF837DB}"
EndProject
Global
	GlobalSection(SolutionConfigurationPlatforms) = preSolution
		Debug|Any CPU = Debug|Any CPU
		Release|Any CPU = Release|Any CPU
	EndGlobalSection
	GlobalSection(ProjectConfigurationPlatforms) = postSolution
		{749C5E03-C55C-44B5-958D-42968BF837DB}.Debug|Any CPU.ActiveCfg = Debug|Any CPU
		{749C5E03-C55C-44B5-958D-42968BF837DB}.Debug|Any CPU.Build.0 = Debug|Any CPU
		{749C5E03-C55C-44B5-958D-42968BF837DB}.Release|Any CPU.ActiveCfg = Release|Any CPU
		{749C5E03-C55C-44B5-958D-42968BF837DB}.Release|Any CPU.Build.0 = Release|Any CPU
	EndGlobalSection
	GlobalSection(SolutionProperties) = preSolution
		HideSolutionNode = FALSE
	EndGlobalSection
	GlobalSection(ExtensibilityGlobals) = postSolution
		SolutionGuid = {AF3E6DF6-2BC5-4516-BD7E-29717FA9EB30}
	EndGlobalSection
EndGlobal
