
Microsoft Visual Studio Solution File, Format Version 12.00
# Visual Studio Version 17
VisualStudioVersion = 17.3.32804.467
MinimumVisualStudioVersion = 10.0.40219.1
Project("{FAE04EC0-301F-11D3-BF4B-00C04F79EFBC}") = "comif", "comif\comif.csproj", "{5D4D8567-0E18-4D7D-97AD-003AF12E7BD6}"
EndProject
Project("{FAE04EC0-301F-11D3-BF4B-00C04F79EFBC}") = "example", "example\example.csproj", "{9BFACAE4-EE3F-4452-999C-C7B76F00BD43}"
EndProject
Global
	GlobalSection(SolutionConfigurationPlatforms) = preSolution
		Debug|Any CPU = Debug|Any CPU
		Release|Any CPU = Release|Any CPU
	EndGlobalSection
	GlobalSection(ProjectConfigurationPlatforms) = postSolution
		{5D4D8567-0E18-4D7D-97AD-003AF12E7BD6}.Debug|Any CPU.ActiveCfg = Debug|Any CPU
		{5D4D8567-0E18-4D7D-97AD-003AF12E7BD6}.Debug|Any CPU.Build.0 = Debug|Any CPU
		{5D4D8567-0E18-4D7D-97AD-003AF12E7BD6}.Release|Any CPU.ActiveCfg = Release|Any CPU
		{5D4D8567-0E18-4D7D-97AD-003AF12E7BD6}.Release|Any CPU.Build.0 = Release|Any CPU
		{9BFACAE4-EE3F-4452-999C-C7B76F00BD43}.Debug|Any CPU.ActiveCfg = Debug|Any CPU
		{9BFACAE4-EE3F-4452-999C-C7B76F00BD43}.Debug|Any CPU.Build.0 = Debug|Any CPU
		{9BFACAE4-EE3F-4452-999C-C7B76F00BD43}.Release|Any CPU.ActiveCfg = Release|Any CPU
		{9BFACAE4-EE3F-4452-999C-C7B76F00BD43}.Release|Any CPU.Build.0 = Release|Any CPU
	EndGlobalSection
	GlobalSection(SolutionProperties) = preSolution
		HideSolutionNode = FALSE
	EndGlobalSection
	GlobalSection(ExtensibilityGlobals) = postSolution
		SolutionGuid = {63141879-E7B6-4E1C-BFE7-4EA74DE24170}
	EndGlobalSection
EndGlobal
